
Microsoft Visual Studio Solution File, Format Version 12.00
# Visual Studio Version 17
VisualStudioVersion = 17.2.32616.157
MinimumVisualStudioVersion = 10.0.40219.1
Project("{FAE04EC0-301F-11D3-BF4B-00C04F79EFBC}") = "Burger.Web", "Burger.Web\Burger.Web.csproj", "{D52E24C2-92AC-49FA-9F90-C916DDA8205A}"
EndProject
Project("{FAE04EC0-301F-11D3-BF4B-00C04F79EFBC}") = "Burger.Entities", "Burger.Entities\Burger.Entities.csproj", "{C970897D-1726-4B85-8F57-9AC23A8DADBD}"
EndProject
Project("{FAE04EC0-301F-11D3-BF4B-00C04F79EFBC}") = "Burger.DAL", "Burger.DAL\Burger.DAL.csproj", "{BD59FA59-2CCB-47D8-A550-E396EE678A3D}"
EndProject
Project("{FAE04EC0-301F-11D3-BF4B-00C04F79EFBC}") = "Burger.BL", "Burger.BL\Burger.BL.csproj", "{9B2D4480-F6CE-4C7A-BD0D-1C850DBF7845}"
EndProject
Global
	GlobalSection(SolutionConfigurationPlatforms) = preSolution
		Debug|Any CPU = Debug|Any CPU
		Release|Any CPU = Release|Any CPU
	EndGlobalSection
	GlobalSection(ProjectConfigurationPlatforms) = postSolution
		{D52E24C2-92AC-49FA-9F90-C916DDA8205A}.Debug|Any CPU.ActiveCfg = Debug|Any CPU
		{D52E24C2-92AC-49FA-9F90-C916DDA8205A}.Debug|Any CPU.Build.0 = Debug|Any CPU
		{D52E24C2-92AC-49FA-9F90-C916DDA8205A}.Release|Any CPU.ActiveCfg = Release|Any CPU
		{D52E24C2-92AC-49FA-9F90-C916DDA8205A}.Release|Any CPU.Build.0 = Release|Any CPU
		{C970897D-1726-4B85-8F57-9AC23A8DADBD}.Debug|Any CPU.ActiveCfg = Debug|Any CPU
		{C970897D-1726-4B85-8F57-9AC23A8DADBD}.Debug|Any CPU.Build.0 = Debug|Any CPU
		{C970897D-1726-4B85-8F57-9AC23A8DADBD}.Release|Any CPU.ActiveCfg = Release|Any CPU
		{C970897D-1726-4B85-8F57-9AC23A8DADBD}.Release|Any CPU.Build.0 = Release|Any CPU
		{BD59FA59-2CCB-47D8-A550-E396EE678A3D}.Debug|Any CPU.ActiveCfg = Debug|Any CPU
		{BD59FA59-2CCB-47D8-A550-E396EE678A3D}.Debug|Any CPU.Build.0 = Debug|Any CPU
		{BD59FA59-2CCB-47D8-A550-E396EE678A3D}.Release|Any CPU.ActiveCfg = Release|Any CPU
		{BD59FA59-2CCB-47D8-A550-E396EE678A3D}.Release|Any CPU.Build.0 = Release|Any CPU
		{9B2D4480-F6CE-4C7A-BD0D-1C850DBF7845}.Debug|Any CPU.ActiveCfg = Debug|Any CPU
		{9B2D4480-F6CE-4C7A-BD0D-1C850DBF7845}.Debug|Any CPU.Build.0 = Debug|Any CPU
		{9B2D4480-F6CE-4C7A-BD0D-1C850DBF7845}.Release|Any CPU.ActiveCfg = Release|Any CPU
		{9B2D4480-F6CE-4C7A-BD0D-1C850DBF7845}.Release|Any CPU.Build.0 = Release|Any CPU
	EndGlobalSection
	GlobalSection(SolutionProperties) = preSolution
		HideSolutionNode = FALSE
	EndGlobalSection
	GlobalSection(ExtensibilityGlobals) = postSolution
		SolutionGuid = {87E19B13-3A8B-44C8-B680-A758B7503FC2}
	EndGlobalSection
EndGlobal
